<?xml version="1.0" encoding="utf-8"?>
<Project ToolsVersion="4.0" xmlns="http://schemas.microsoft.com/developer/msbuild/2003">
  <ItemGroup>
    <Filter Include="Source Files">
      <UniqueIdentifier>{1ad546d2-0029-4c05-87d8-fb0fb889804f}</UniqueIdentifier>
      <Extensions>cpp;c;cxx;rc;def;r;odl;idl;hpj;bat</Extensions>
    </Filter>
    <Filter Include="Header Files">
      <UniqueIdentifier>{9e61fc6c-6352-4abf-a11a-26a36fc6c332}</UniqueIdentifier>
      <Extensions>h;hpp;hxx;hm;inl</Extensions>
    </Filter>
    <Filter Include="Resource Files">
      <UniqueIdentifier>{03c188fb-4058-481c-b9ba-ff3d1255cb69}</UniqueIdentifier>
      <Extensions>ico;cur;bmp;dlg;rc2;rct;bin;rgs;gif;jpg;jpeg;jpe</Extensions>
    </Filter>
    <Filter Include="Header Files\Shays Code">
      <UniqueIdentifier>{906df0bc-1472-4e16-936a-02628575ae4b}</UniqueIdentifier>
    </Filter>
    <Filter Include="Source Files\Shays Code">
      <UniqueIdentifier>{eb6f6efd-eeef-45c0-8ac7-4a0ef5abb2e1}</UniqueIdentifier>
    </Filter>
    <Filter Include="Header Files\GameWorld">
      <UniqueIdentifier>{4aa0603c-6068-4d94-8d19-9c9356f2b7b0}</UniqueIdentifier>
    </Filter>
    <Filter Include="Source Files\GameWorld">
      <UniqueIdentifier>{8113d325-4476-4834-953c-a7e0ed845629}</UniqueIdentifier>
    </Filter>
    <Filter Include="Source Files\ModelImporter">
      <UniqueIdentifier>{a457a040-95bf-42a3-9920-f0282bfa8a6f}</UniqueIdentifier>
    </Filter>
    <Filter Include="Header Files\ModelImporter">
      <UniqueIdentifier>{6f9ad81c-8650-4fc4-a08c-ecfb82f0de17}</UniqueIdentifier>
    </Filter>
    <Filter Include="Header Files\GameMenu">
      <UniqueIdentifier>{7a7b1293-3039-407a-a65b-7889c684bb0f}</UniqueIdentifier>
    </Filter>
    <Filter Include="Source Files\GameMenu">
      <UniqueIdentifier>{3ff51cdf-a75d-4eb9-8f6a-1790dc432ca7}</UniqueIdentifier>
    </Filter>
    <Filter Include="Header Files\GameWorld\Objects">
      <UniqueIdentifier>{89535c9c-d9f5-4fa9-917b-c8197794e199}</UniqueIdentifier>
    </Filter>
    <Filter Include="Source Files\GameWorld\Objects">
      <UniqueIdentifier>{2cd03d2c-7f35-4620-b7db-389443c4464d}</UniqueIdentifier>
    </Filter>
    <Filter Include="Header Files\GameWorld\Behaviours">
      <UniqueIdentifier>{788c81af-e899-4f2c-9c07-aafc6e123d14}</UniqueIdentifier>
    </Filter>
    <Filter Include="Source Files\GameWorld\Behaviours">
      <UniqueIdentifier>{44b8c6cb-7401-4c59-8a67-dcf73b7aabd6}</UniqueIdentifier>
    </Filter>
  </ItemGroup>
  <ItemGroup>
    <ClCompile Include="main.cpp">
      <Filter>Source Files</Filter>
    </ClCompile>
    <ClCompile Include="shaysworld\AABB.CPP">
      <Filter>Source Files\Shays Code</Filter>
    </ClCompile>
    <ClCompile Include="shaysworld\AABBLinkedList.cpp">
      <Filter>Source Files\Shays Code</Filter>
    </ClCompile>
    <ClCompile Include="shaysworld\AABBNode.cpp">
      <Filter>Source Files\Shays Code</Filter>
    </ClCompile>
    <ClCompile Include="shaysworld\cameraMap.cpp">
      <Filter>Source Files\Shays Code</Filter>
    </ClCompile>
    <ClCompile Include="shaysworld\collision.cpp">
      <Filter>Source Files\Shays Code</Filter>
    </ClCompile>
    <ClCompile Include="shaysworld\EasySound.cpp">
      <Filter>Source Files\Shays Code</Filter>
    </ClCompile>
    <ClCompile Include="shaysworld\PlainLinkedList.cpp">
      <Filter>Source Files\Shays Code</Filter>
    </ClCompile>
    <ClCompile Include="shaysworld\PlainNode.cpp">
      <Filter>Source Files\Shays Code</Filter>
    </ClCompile>
    <ClCompile Include="shaysworld\ShaysWorld.cpp">
      <Filter>Source Files\Shays Code</Filter>
    </ClCompile>
    <ClCompile Include="shaysworld\Sound.cpp">
      <Filter>Source Files\Shays Code</Filter>
    </ClCompile>
    <ClCompile Include="shaysworld\SoundTime.cpp">
      <Filter>Source Files\Shays Code</Filter>
    </ClCompile>
    <ClCompile Include="shaysworld\texturedPolygons.cpp">
      <Filter>Source Files\Shays Code</Filter>
    </ClCompile>
    <ClCompile Include="shaysworld\Wave.cpp">
      <Filter>Source Files\Shays Code</Filter>
    </ClCompile>
    <ClCompile Include="shaysworld\camera.cpp">
      <Filter>Source Files\Shays Code</Filter>
    </ClCompile>
    <ClCompile Include="modelimporter\GameModel.cpp">
      <Filter>Source Files\ModelImporter</Filter>
    </ClCompile>
    <ClCompile Include="modelimporter\glm.cpp">
      <Filter>Source Files\ModelImporter</Filter>
    </ClCompile>
    <ClCompile Include="modelimporter\glmimg.cpp">
      <Filter>Source Files\ModelImporter</Filter>
    </ClCompile>
    <ClCompile Include="modelimporter\Model.cpp">
      <Filter>Source Files\ModelImporter</Filter>
    </ClCompile>
    <ClCompile Include="modelimporter\TerrainModel.cpp">
      <Filter>Source Files\ModelImporter</Filter>
    </ClCompile>
    <ClCompile Include="modelimporter\Texture.cpp">
      <Filter>Source Files\ModelImporter</Filter>
    </ClCompile>
    <ClCompile Include="gameworld\GameObj.cpp">
      <Filter>Source Files\GameWorld</Filter>
    </ClCompile>
    <ClCompile Include="Vector3.cpp">
      <Filter>Source Files</Filter>
    </ClCompile>
    <ClCompile Include="gameworld\GameCamera.cpp">
      <Filter>Source Files\GameWorld</Filter>
    </ClCompile>
    <ClCompile Include="gameworld\GameCollision.cpp">
      <Filter>Source Files\GameWorld</Filter>
    </ClCompile>
    <ClCompile Include="gameworld\GameSound.cpp">
      <Filter>Source Files\GameWorld</Filter>
    </ClCompile>
    <ClCompile Include="gameworld\GameWorld.cpp">
      <Filter>Source Files\GameWorld</Filter>
    </ClCompile>
    <ClCompile Include="gameworld\objects\Alligator.cpp">
      <Filter>Source Files\GameWorld\Objects</Filter>
    </ClCompile>
    <ClCompile Include="gameworld\objects\AlligatorStates.cpp">
      <Filter>Source Files\GameWorld\Objects</Filter>
    </ClCompile>
    <ClCompile Include="gameworld\objects\Bird.cpp">
      <Filter>Source Files\GameWorld\Objects</Filter>
    </ClCompile>
    <ClCompile Include="gameworld\objects\PlayerObj.cpp">
      <Filter>Source Files\GameWorld\Objects</Filter>
    </ClCompile>
    <ClCompile Include="UserInterface.cpp">
      <Filter>Source Files\GameWorld</Filter>
    </ClCompile>
    <ClCompile Include="gameworld\objects\TerrainObj.cpp">
      <Filter>Source Files\GameWorld\Objects</Filter>
    </ClCompile>
    <ClCompile Include="gameworld\objects\AIObject.cpp">
      <Filter>Source Files\GameWorld\Objects</Filter>
    </ClCompile>
    <ClCompile Include="gameworld\Behaviours\Seek.cpp">
      <Filter>Source Files\GameWorld\Behaviours</Filter>
    </ClCompile>
    <ClCompile Include="gamemenu\MenuWorld.cpp">
      <Filter>Source Files\GameMenu</Filter>
    </ClCompile>
    <ClCompile Include="gameworld\objects\ProjectileObj.cpp">
      <Filter>Source Files\GameWorld\Objects</Filter>
    </ClCompile>
    <ClCompile Include="gamemenu\RAWTexture.cpp">
      <Filter>Source Files\GameMenu</Filter>
    </ClCompile>
    <ClCompile Include="TextureLoader.cpp">
      <Filter>Source Files</Filter>
    </ClCompile>
    <ClCompile Include="SoundControl\sounds.cpp">
      <Filter>Source Files</Filter>
    </ClCompile>
  </ItemGroup>
  <ItemGroup>
    <ClInclude Include="shaysworld\AABB.H">
      <Filter>Header Files\Shays Code</Filter>
    </ClInclude>
    <ClInclude Include="shaysworld\AABBLinkedList.h">
      <Filter>Header Files\Shays Code</Filter>
    </ClInclude>
    <ClInclude Include="shaysworld\AABBNode.h">
      <Filter>Header Files\Shays Code</Filter>
    </ClInclude>
    <ClInclude Include="shaysworld\cameraMap.h">
      <Filter>Header Files\Shays Code</Filter>
    </ClInclude>
    <ClInclude Include="shaysworld\collision.h">
      <Filter>Header Files\Shays Code</Filter>
    </ClInclude>
    <ClInclude Include="shaysworld\EasySound.h">
      <Filter>Header Files\Shays Code</Filter>
    </ClInclude>
    <ClInclude Include="shaysworld\PlainLinkedList.h">
      <Filter>Header Files\Shays Code</Filter>
    </ClInclude>
    <ClInclude Include="shaysworld\PlainNode.h">
      <Filter>Header Files\Shays Code</Filter>
    </ClInclude>
    <ClInclude Include="shaysworld\ShaysWorld.h">
      <Filter>Header Files\Shays Code</Filter>
    </ClInclude>
    <ClInclude Include="shaysworld\Sound.h">
      <Filter>Header Files\Shays Code</Filter>
    </ClInclude>
    <ClInclude Include="shaysworld\SoundTime.h">
      <Filter>Header Files\Shays Code</Filter>
    </ClInclude>
    <ClInclude Include="shaysworld\texturedPolygons.h">
      <Filter>Header Files\Shays Code</Filter>
    </ClInclude>
    <ClInclude Include="shaysworld\Wave.h">
      <Filter>Header Files\Shays Code</Filter>
    </ClInclude>
    <ClInclude Include="shaysworld\camera.h">
      <Filter>Header Files\Shays Code</Filter>
    </ClInclude>
    <ClInclude Include="modelimporter\GameModel.h">
      <Filter>Header Files\ModelImporter</Filter>
    </ClInclude>
    <ClInclude Include="modelimporter\glm.h">
      <Filter>Header Files\ModelImporter</Filter>
    </ClInclude>
    <ClInclude Include="modelimporter\Model.h">
      <Filter>Header Files\ModelImporter</Filter>
    </ClInclude>
    <ClInclude Include="modelimporter\TerrainModel.h">
      <Filter>Header Files\ModelImporter</Filter>
    </ClInclude>
    <ClInclude Include="modelimporter\texture.h">
      <Filter>Header Files\ModelImporter</Filter>
    </ClInclude>
    <ClInclude Include="gameworld\GameObj.h">
      <Filter>Header Files\GameWorld</Filter>
    </ClInclude>
    <ClInclude Include="World.h">
      <Filter>Header Files</Filter>
    </ClInclude>
    <ClInclude Include="Vector3.h">
      <Filter>Header Files</Filter>
    </ClInclude>
    <ClInclude Include="GlobalVars.h">
      <Filter>Header Files</Filter>
    </ClInclude>
    <ClInclude Include="gameworld\GameCamera.h">
      <Filter>Header Files\GameWorld</Filter>
    </ClInclude>
    <ClInclude Include="gameworld\GameCollision.h">
      <Filter>Header Files\GameWorld</Filter>
    </ClInclude>
    <ClInclude Include="gameworld\GameSound.h">
      <Filter>Header Files\GameWorld</Filter>
    </ClInclude>
    <ClInclude Include="gameworld\GameWorld.h">
      <Filter>Header Files\GameWorld</Filter>
    </ClInclude>
    <ClInclude Include="gameworld\objects\Alligator.h">
      <Filter>Header Files\GameWorld\Objects</Filter>
    </ClInclude>
    <ClInclude Include="gameworld\objects\AlligatorStates.h">
      <Filter>Header Files\GameWorld\Objects</Filter>
    </ClInclude>
    <ClInclude Include="gameworld\objects\Bird.h">
      <Filter>Header Files\GameWorld\Objects</Filter>
    </ClInclude>
    <ClInclude Include="gameworld\objects\PlayerObj.h">
      <Filter>Header Files\GameWorld\Objects</Filter>
    </ClInclude>
    <ClInclude Include="UserInterface.h">
      <Filter>Header Files\GameWorld\Objects</Filter>
    </ClInclude>
    <ClInclude Include="gameworld\objects\TerrainObj.h">
      <Filter>Header Files\GameWorld\Objects</Filter>
    </ClInclude>
    <ClInclude Include="gameworld\StateMachine.h">
      <Filter>Header Files\GameWorld</Filter>
    </ClInclude>
    <ClInclude Include="gameworld\objects\AIObject.h">
      <Filter>Header Files\GameWorld\Objects</Filter>
    </ClInclude>
    <ClInclude Include="gameworld\Behaviours\Seek.h">
      <Filter>Header Files\GameWorld\Behaviours</Filter>
    </ClInclude>
    <ClInclude Include="gameworld\State.h">
      <Filter>Header Files\GameWorld</Filter>
    </ClInclude>
    <ClInclude Include="gamemenu\MenuWorld.h">
      <Filter>Header Files\GameMenu</Filter>
    </ClInclude>
    <ClInclude Include="gameworld\objects\ProjectileObj.h">
      <Filter>Header Files\GameWorld\Objects</Filter>
    </ClInclude>
    <ClInclude Include="gamemenu\RAWTexture.h">
      <Filter>Header Files\GameMenu</Filter>
    </ClInclude>
    <ClInclude Include="TextureLoader.h">
      <Filter>Header Files</Filter>
    </ClInclude>
    <ClInclude Include="SoundControl\sounds.h">
      <Filter>Header Files</Filter>
    </ClInclude>
  </ItemGroup>
</Project>